
Microsoft Visual Studio Solution File, Format Version 12.00
# Visual Studio Version 17
VisualStudioVersion = 17.10.34916.146
MinimumVisualStudioVersion = 10.0.40219.1
Project("{9A19103F-16F7-4668-BE54-9A1E7A4F7556}") = "MarketProgram.Library", "MarketProgram.Library\MarketProgram.Library.csproj", "{F94342E3-5CCB-491E-BD35-E5E7B65EB942}"
EndProject
Project("{FAE04EC0-301F-11D3-BF4B-00C04F79EFBC}") = "MarketProgram.AdminSide", "MarketProgram.AdminSide\MarketProgram.AdminSide.csproj", "{EB497FD5-A538-4021-A25C-EA9C12B6E60C}"
EndProject
Project("{FAE04EC0-301F-11D3-BF4B-00C04F79EFBC}") = "MarketProgram.UserSide", "MarketProgram.UserSide\MarketProgram.UserSide.csproj", "{716DF0AD-92A4-4CCC-8FC2-EA60C9A1DBEB}"
EndProject
Global
	GlobalSection(SolutionConfigurationPlatforms) = preSolution
		Debug|Any CPU = Debug|Any CPU
		Release|Any CPU = Release|Any CPU
	EndGlobalSection
	GlobalSection(ProjectConfigurationPlatforms) = postSolution
		{F94342E3-5CCB-491E-BD35-E5E7B65EB942}.Debug|Any CPU.ActiveCfg = Debug|Any CPU
		{F94342E3-5CCB-491E-BD35-E5E7B65EB942}.Debug|Any CPU.Build.0 = Debug|Any CPU
		{F94342E3-5CCB-491E-BD35-E5E7B65EB942}.Release|Any CPU.ActiveCfg = Release|Any CPU
		{F94342E3-5CCB-491E-BD35-E5E7B65EB942}.Release|Any CPU.Build.0 = Release|Any CPU
		{EB497FD5-A538-4021-A25C-EA9C12B6E60C}.Debug|Any CPU.ActiveCfg = Debug|Any CPU
		{EB497FD5-A538-4021-A25C-EA9C12B6E60C}.Debug|Any CPU.Build.0 = Debug|Any CPU
		{EB497FD5-A538-4021-A25C-EA9C12B6E60C}.Release|Any CPU.ActiveCfg = Release|Any CPU
		{EB497FD5-A538-4021-A25C-EA9C12B6E60C}.Release|Any CPU.Build.0 = Release|Any CPU
		{716DF0AD-92A4-4CCC-8FC2-EA60C9A1DBEB}.Debug|Any CPU.ActiveCfg = Debug|Any CPU
		{716DF0AD-92A4-4CCC-8FC2-EA60C9A1DBEB}.Debug|Any CPU.Build.0 = Debug|Any CPU
		{716DF0AD-92A4-4CCC-8FC2-EA60C9A1DBEB}.Release|Any CPU.ActiveCfg = Release|Any CPU
		{716DF0AD-92A4-4CCC-8FC2-EA60C9A1DBEB}.Release|Any CPU.Build.0 = Release|Any CPU
	EndGlobalSection
	GlobalSection(SolutionProperties) = preSolution
		HideSolutionNode = FALSE
	EndGlobalSection
	GlobalSection(ExtensibilityGlobals) = postSolution
		SolutionGuid = {C604FF59-6F8D-4B73-8813-26841281FE0E}
	EndGlobalSection
EndGlobal
